
Microsoft Visual Studio Solution File, Format Version 12.00
# Visual Studio Version 17
VisualStudioVersion = 17.14.36203.30
MinimumVisualStudioVersion = 10.0.40219.1
Project("{FAE04EC0-301F-11D3-BF4B-00C04F79EFBC}") = "ServerManager", "BHD-ServerManager\ServerManager.csproj", "{FB02FDB4-E8A8-4B60-A487-F6BEBD2139A4}"
EndProject
Project("{FAE04EC0-301F-11D3-BF4B-00C04F79EFBC}") = "RemoteClient", "BHD-RemoteClient\RemoteClient.csproj", "{399CDFBB-7B5B-4C9C-817D-5D4DFA0FEED6}"
EndProject
Project("{FAE04EC0-301F-11D3-BF4B-00C04F79EFBC}") = "HawkSyncCommon", "BHD-SharedResources\HawkSyncCommon.csproj", "{D51660F1-CF39-4EA7-B8A9-E8C337516CD7}"
EndProject
Global
	GlobalSection(SolutionConfigurationPlatforms) = preSolution
		Debug|Any CPU = Debug|Any CPU
		DefaultBuild|Any CPU = DefaultBuild|Any CPU
		Release|Any CPU = Release|Any CPU
	EndGlobalSection
	GlobalSection(ProjectConfigurationPlatforms) = postSolution
		{FB02FDB4-E8A8-4B60-A487-F6BEBD2139A4}.Debug|Any CPU.ActiveCfg = Debug|Any CPU
		{FB02FDB4-E8A8-4B60-A487-F6BEBD2139A4}.Debug|Any CPU.Build.0 = Debug|Any CPU
		{FB02FDB4-E8A8-4B60-A487-F6BEBD2139A4}.DefaultBuild|Any CPU.ActiveCfg = Release|Any CPU
		{FB02FDB4-E8A8-4B60-A487-F6BEBD2139A4}.DefaultBuild|Any CPU.Build.0 = Release|Any CPU
		{FB02FDB4-E8A8-4B60-A487-F6BEBD2139A4}.Release|Any CPU.ActiveCfg = Debug|Any CPU
		{FB02FDB4-E8A8-4B60-A487-F6BEBD2139A4}.Release|Any CPU.Build.0 = Debug|Any CPU
		{399CDFBB-7B5B-4C9C-817D-5D4DFA0FEED6}.Debug|Any CPU.ActiveCfg = Debug|Any CPU
		{399CDFBB-7B5B-4C9C-817D-5D4DFA0FEED6}.Debug|Any CPU.Build.0 = Debug|Any CPU
		{399CDFBB-7B5B-4C9C-817D-5D4DFA0FEED6}.DefaultBuild|Any CPU.ActiveCfg = Release|Any CPU
		{399CDFBB-7B5B-4C9C-817D-5D4DFA0FEED6}.DefaultBuild|Any CPU.Build.0 = Release|Any CPU
		{399CDFBB-7B5B-4C9C-817D-5D4DFA0FEED6}.Release|Any CPU.ActiveCfg = Debug|Any CPU
		{399CDFBB-7B5B-4C9C-817D-5D4DFA0FEED6}.Release|Any CPU.Build.0 = Debug|Any CPU
		{D51660F1-CF39-4EA7-B8A9-E8C337516CD7}.Debug|Any CPU.ActiveCfg = Debug|Any CPU
		{D51660F1-CF39-4EA7-B8A9-E8C337516CD7}.Debug|Any CPU.Build.0 = Debug|Any CPU
		{D51660F1-CF39-4EA7-B8A9-E8C337516CD7}.DefaultBuild|Any CPU.ActiveCfg = Release|Any CPU
		{D51660F1-CF39-4EA7-B8A9-E8C337516CD7}.DefaultBuild|Any CPU.Build.0 = Release|Any CPU
		{D51660F1-CF39-4EA7-B8A9-E8C337516CD7}.Release|Any CPU.ActiveCfg = Debug|Any CPU
		{D51660F1-CF39-4EA7-B8A9-E8C337516CD7}.Release|Any CPU.Build.0 = Debug|Any CPU
	EndGlobalSection
	GlobalSection(SolutionProperties) = preSolution
		HideSolutionNode = FALSE
	EndGlobalSection
	GlobalSection(ExtensibilityGlobals) = postSolution
		SolutionGuid = {8846686A-193B-4358-8D6D-7D64338EC12E}
	EndGlobalSection
EndGlobal
