
Microsoft Visual Studio Solution File, Format Version 12.00
# Visual Studio Version 18
VisualStudioVersion = 18.1.11312.151
MinimumVisualStudioVersion = 10.0.40219.1
Project("{FAE04EC0-301F-11D3-BF4B-00C04F79EFBC}") = "ServerManager", "BHD-ServerManager\ServerManager.csproj", "{F274A76C-4D24-79DC-2A4E-BAAA29A987DB}"
EndProject
Project("{FAE04EC0-301F-11D3-BF4B-00C04F79EFBC}") = "NetLimiterBridge", "NetLimiterBridge\NetLimiterBridge.csproj", "{461734DA-B792-4DCB-9618-BD9EE48A2D76}"
EndProject
Project("{FAE04EC0-301F-11D3-BF4B-00C04F79EFBC}") = "RemoteClient", "RemoteClient\RemoteClient.csproj", "{A04B5D85-0CEB-4CA7-8344-388BF2F6FD30}"
EndProject
Project("{FAE04EC0-301F-11D3-BF4B-00C04F79EFBC}") = "HawkSyncShared", "HawkSyncShared\HawkSyncShared.csproj", "{3C79D9BE-105E-404C-A946-41BA59155B9A}"
EndProject
Global
	GlobalSection(SolutionConfigurationPlatforms) = preSolution
		Debug|Any CPU = Debug|Any CPU
		Release|Any CPU = Release|Any CPU
	EndGlobalSection
	GlobalSection(ProjectConfigurationPlatforms) = postSolution
		{F274A76C-4D24-79DC-2A4E-BAAA29A987DB}.Debug|Any CPU.ActiveCfg = Debug|Any CPU
		{F274A76C-4D24-79DC-2A4E-BAAA29A987DB}.Debug|Any CPU.Build.0 = Debug|Any CPU
		{F274A76C-4D24-79DC-2A4E-BAAA29A987DB}.Release|Any CPU.ActiveCfg = Release|Any CPU
		{F274A76C-4D24-79DC-2A4E-BAAA29A987DB}.Release|Any CPU.Build.0 = Release|Any CPU
		{461734DA-B792-4DCB-9618-BD9EE48A2D76}.Debug|Any CPU.ActiveCfg = Debug|Any CPU
		{461734DA-B792-4DCB-9618-BD9EE48A2D76}.Debug|Any CPU.Build.0 = Debug|Any CPU
		{461734DA-B792-4DCB-9618-BD9EE48A2D76}.Release|Any CPU.ActiveCfg = Release|Any CPU
		{461734DA-B792-4DCB-9618-BD9EE48A2D76}.Release|Any CPU.Build.0 = Release|Any CPU
		{A04B5D85-0CEB-4CA7-8344-388BF2F6FD30}.Debug|Any CPU.ActiveCfg = Debug|Any CPU
		{A04B5D85-0CEB-4CA7-8344-388BF2F6FD30}.Debug|Any CPU.Build.0 = Debug|Any CPU
		{A04B5D85-0CEB-4CA7-8344-388BF2F6FD30}.Release|Any CPU.ActiveCfg = Release|Any CPU
		{A04B5D85-0CEB-4CA7-8344-388BF2F6FD30}.Release|Any CPU.Build.0 = Release|Any CPU
		{3C79D9BE-105E-404C-A946-41BA59155B9A}.Debug|Any CPU.ActiveCfg = Debug|Any CPU
		{3C79D9BE-105E-404C-A946-41BA59155B9A}.Debug|Any CPU.Build.0 = Debug|Any CPU
		{3C79D9BE-105E-404C-A946-41BA59155B9A}.Release|Any CPU.ActiveCfg = Release|Any CPU
		{3C79D9BE-105E-404C-A946-41BA59155B9A}.Release|Any CPU.Build.0 = Release|Any CPU
	EndGlobalSection
	GlobalSection(SolutionProperties) = preSolution
		HideSolutionNode = FALSE
	EndGlobalSection
	GlobalSection(ExtensibilityGlobals) = postSolution
		SolutionGuid = {8846686A-193B-4358-8D6D-7D64338EC12E}
	EndGlobalSection
EndGlobal
